
Microsoft Visual Studio Solution File, Format Version 11.00
# Visual Studio 2010
Project("{FAE04EC0-301F-11D3-BF4B-00C04F79EFBC}") = "Market", "Market.csproj", "{268C5B89-A44B-40D4-9AF9-EF5576083E8C}"
EndProject
Global
	GlobalSection(SolutionConfigurationPlatforms) = preSolution
		Debug|Any CPU = Debug|Any CPU
		Release|Any CPU = Release|Any CPU
	EndGlobalSection
	GlobalSection(ProjectConfigurationPlatforms) = postSolution
		{268C5B89-A44B-40D4-9AF9-EF5576083E8C}.Debug|Any CPU.ActiveCfg = Debug|Any CPU
		{268C5B89-A44B-40D4-9AF9-EF5576083E8C}.Debug|Any CPU.Build.0 = Debug|Any CPU
		{268C5B89-A44B-40D4-9AF9-EF5576083E8C}.Release|Any CPU.ActiveCfg = Release|Any CPU
		{268C5B89-A44B-40D4-9AF9-EF5576083E8C}.Release|Any CPU.Build.0 = Release|Any CPU
	EndGlobalSection
	GlobalSection(SolutionProperties) = preSolution
		HideSolutionNode = FALSE
	EndGlobalSection
EndGlobal
